
Microsoft Visual Studio Solution File, Format Version 12.00
# Visual Studio Version 16
VisualStudioVersion = 16.0.29613.14
MinimumVisualStudioVersion = 10.0.40219.1
Project("{9A19103F-16F7-4668-BE54-9A1E7A4F7556}") = "SimpleSso", "SimpleSso\SimpleSso.csproj", "{DBFBC2ED-05F6-46CE-9D9D-29E3ABFD0059}"
EndProject
Project("{FAE04EC0-301F-11D3-BF4B-00C04F79EFBC}") = "SourceWeb", "Example\SourceWeb\SourceWeb.csproj", "{710C804B-5DAF-4494-AC94-74E92B0374E2}"
EndProject
Project("{FAE04EC0-301F-11D3-BF4B-00C04F79EFBC}") = "TargetWeb", "Example\TargetWeb\TargetWeb.csproj", "{53C7A080-959C-4702-B1FA-8AE44B53BA6D}"
EndProject
Global
	GlobalSection(SolutionConfigurationPlatforms) = preSolution
		Debug|Any CPU = Debug|Any CPU
		Release|Any CPU = Release|Any CPU
	EndGlobalSection
	GlobalSection(ProjectConfigurationPlatforms) = postSolution
		{DBFBC2ED-05F6-46CE-9D9D-29E3ABFD0059}.Debug|Any CPU.ActiveCfg = Debug|Any CPU
		{DBFBC2ED-05F6-46CE-9D9D-29E3ABFD0059}.Debug|Any CPU.Build.0 = Debug|Any CPU
		{DBFBC2ED-05F6-46CE-9D9D-29E3ABFD0059}.Release|Any CPU.ActiveCfg = Release|Any CPU
		{DBFBC2ED-05F6-46CE-9D9D-29E3ABFD0059}.Release|Any CPU.Build.0 = Release|Any CPU
		{710C804B-5DAF-4494-AC94-74E92B0374E2}.Debug|Any CPU.ActiveCfg = Debug|Any CPU
		{710C804B-5DAF-4494-AC94-74E92B0374E2}.Debug|Any CPU.Build.0 = Debug|Any CPU
		{710C804B-5DAF-4494-AC94-74E92B0374E2}.Release|Any CPU.ActiveCfg = Release|Any CPU
		{710C804B-5DAF-4494-AC94-74E92B0374E2}.Release|Any CPU.Build.0 = Release|Any CPU
		{53C7A080-959C-4702-B1FA-8AE44B53BA6D}.Debug|Any CPU.ActiveCfg = Debug|Any CPU
		{53C7A080-959C-4702-B1FA-8AE44B53BA6D}.Debug|Any CPU.Build.0 = Debug|Any CPU
		{53C7A080-959C-4702-B1FA-8AE44B53BA6D}.Release|Any CPU.ActiveCfg = Release|Any CPU
		{53C7A080-959C-4702-B1FA-8AE44B53BA6D}.Release|Any CPU.Build.0 = Release|Any CPU
	EndGlobalSection
	GlobalSection(SolutionProperties) = preSolution
		HideSolutionNode = FALSE
	EndGlobalSection
	GlobalSection(ExtensibilityGlobals) = postSolution
		SolutionGuid = {BD4890BF-9434-4576-B52E-47FCE86F4535}
	EndGlobalSection
EndGlobal
